
Microsoft Visual Studio Solution File, Format Version 12.00
# Visual Studio Version 16
VisualStudioVersion = 16.0.30907.101
MinimumVisualStudioVersion = 10.0.40219.1
Project("{FAE04EC0-301F-11D3-BF4B-00C04F79EFBC}") = "Jesus", "Jesus\Jesus.csproj", "{8350B297-8404-48A3-B2E8-E1DCC4307FB2}"
EndProject
Global
	GlobalSection(SolutionConfigurationPlatforms) = preSolution
		Debug|Any CPU = Debug|Any CPU
		Release|Any CPU = Release|Any CPU
	EndGlobalSection
	GlobalSection(ProjectConfigurationPlatforms) = postSolution
		{8350B297-8404-48A3-B2E8-E1DCC4307FB2}.Debug|Any CPU.ActiveCfg = Debug|Any CPU
		{8350B297-8404-48A3-B2E8-E1DCC4307FB2}.Debug|Any CPU.Build.0 = Debug|Any CPU
		{8350B297-8404-48A3-B2E8-E1DCC4307FB2}.Release|Any CPU.ActiveCfg = Release|Any CPU
		{8350B297-8404-48A3-B2E8-E1DCC4307FB2}.Release|Any CPU.Build.0 = Release|Any CPU
	EndGlobalSection
	GlobalSection(SolutionProperties) = preSolution
		HideSolutionNode = FALSE
	EndGlobalSection
	GlobalSection(ExtensibilityGlobals) = postSolution
		SolutionGuid = {46E429A1-070E-40CB-996C-E1913550BC17}
	EndGlobalSection
EndGlobal
