
Microsoft Visual Studio Solution File, Format Version 12.00
# Visual Studio Version 16
VisualStudioVersion = 16.0.31005.135
MinimumVisualStudioVersion = 10.0.40219.1
Project("{FAE04EC0-301F-11D3-BF4B-00C04F79EFBC}") = "Ejercicio 1", "Ejercicio 1\Ejercicio 1.csproj", "{9FC8C2C4-76A2-4645-ADA0-2D1187608591}"
EndProject
Project("{FAE04EC0-301F-11D3-BF4B-00C04F79EFBC}") = "Ejercicio 2", "Ejercicio 2\Ejercicio 2.csproj", "{DB76BCCD-7450-48B9-8D64-1AD27954E8DB}"
EndProject
Project("{FAE04EC0-301F-11D3-BF4B-00C04F79EFBC}") = "Ejercicio 3", "Ejercicio 3\Ejercicio 3.csproj", "{54538AB7-1362-42BC-8E55-AE21A4B6BA47}"
EndProject
Project("{FAE04EC0-301F-11D3-BF4B-00C04F79EFBC}") = "Ejercicio 4", "Ejercicio 4\Ejercicio 4.csproj", "{942E086B-4EFA-488D-A2C0-7663673F8E3D}"
EndProject
Project("{FAE04EC0-301F-11D3-BF4B-00C04F79EFBC}") = "Ejercicio 5", "Ejercicio 5\Ejercicio 5.csproj", "{39175537-FA12-4598-BDE3-02212734A5DF}"
EndProject
Project("{FAE04EC0-301F-11D3-BF4B-00C04F79EFBC}") = "Ejercicio 6", "Ejercicio 6\Ejercicio 6.csproj", "{6AF58473-5F26-4C4C-A55C-A68FA41C6C56}"
EndProject
Global
	GlobalSection(SolutionConfigurationPlatforms) = preSolution
		Debug|Any CPU = Debug|Any CPU
		Release|Any CPU = Release|Any CPU
	EndGlobalSection
	GlobalSection(ProjectConfigurationPlatforms) = postSolution
		{9FC8C2C4-76A2-4645-ADA0-2D1187608591}.Debug|Any CPU.ActiveCfg = Debug|Any CPU
		{9FC8C2C4-76A2-4645-ADA0-2D1187608591}.Debug|Any CPU.Build.0 = Debug|Any CPU
		{9FC8C2C4-76A2-4645-ADA0-2D1187608591}.Release|Any CPU.ActiveCfg = Release|Any CPU
		{9FC8C2C4-76A2-4645-ADA0-2D1187608591}.Release|Any CPU.Build.0 = Release|Any CPU
		{DB76BCCD-7450-48B9-8D64-1AD27954E8DB}.Debug|Any CPU.ActiveCfg = Debug|Any CPU
		{DB76BCCD-7450-48B9-8D64-1AD27954E8DB}.Debug|Any CPU.Build.0 = Debug|Any CPU
		{DB76BCCD-7450-48B9-8D64-1AD27954E8DB}.Release|Any CPU.ActiveCfg = Release|Any CPU
		{DB76BCCD-7450-48B9-8D64-1AD27954E8DB}.Release|Any CPU.Build.0 = Release|Any CPU
		{54538AB7-1362-42BC-8E55-AE21A4B6BA47}.Debug|Any CPU.ActiveCfg = Debug|Any CPU
		{54538AB7-1362-42BC-8E55-AE21A4B6BA47}.Debug|Any CPU.Build.0 = Debug|Any CPU
		{54538AB7-1362-42BC-8E55-AE21A4B6BA47}.Release|Any CPU.ActiveCfg = Release|Any CPU
		{54538AB7-1362-42BC-8E55-AE21A4B6BA47}.Release|Any CPU.Build.0 = Release|Any CPU
		{942E086B-4EFA-488D-A2C0-7663673F8E3D}.Debug|Any CPU.ActiveCfg = Debug|Any CPU
		{942E086B-4EFA-488D-A2C0-7663673F8E3D}.Debug|Any CPU.Build.0 = Debug|Any CPU
		{942E086B-4EFA-488D-A2C0-7663673F8E3D}.Release|Any CPU.ActiveCfg = Release|Any CPU
		{942E086B-4EFA-488D-A2C0-7663673F8E3D}.Release|Any CPU.Build.0 = Release|Any CPU
		{39175537-FA12-4598-BDE3-02212734A5DF}.Debug|Any CPU.ActiveCfg = Debug|Any CPU
		{39175537-FA12-4598-BDE3-02212734A5DF}.Debug|Any CPU.Build.0 = Debug|Any CPU
		{39175537-FA12-4598-BDE3-02212734A5DF}.Release|Any CPU.ActiveCfg = Release|Any CPU
		{39175537-FA12-4598-BDE3-02212734A5DF}.Release|Any CPU.Build.0 = Release|Any CPU
		{6AF58473-5F26-4C4C-A55C-A68FA41C6C56}.Debug|Any CPU.ActiveCfg = Debug|Any CPU
		{6AF58473-5F26-4C4C-A55C-A68FA41C6C56}.Debug|Any CPU.Build.0 = Debug|Any CPU
		{6AF58473-5F26-4C4C-A55C-A68FA41C6C56}.Release|Any CPU.ActiveCfg = Release|Any CPU
		{6AF58473-5F26-4C4C-A55C-A68FA41C6C56}.Release|Any CPU.Build.0 = Release|Any CPU
	EndGlobalSection
	GlobalSection(SolutionProperties) = preSolution
		HideSolutionNode = FALSE
	EndGlobalSection
	GlobalSection(ExtensibilityGlobals) = postSolution
		SolutionGuid = {749D6E0F-CA3D-4746-8C7A-DC7291F04DCC}
	EndGlobalSection
EndGlobal
